
Microsoft Visual Studio Solution File, Format Version 12.00
# Visual Studio 15
VisualStudioVersion = 15.0.28010.2041
MinimumVisualStudioVersion = 10.0.40219.1
Project("{8BC9CEB8-8B4A-11D0-8D11-00A0C91BC942}") = "HW1-1", "2015440004 경준형.vcxproj", "{72EF594D-F32D-4CAA-B3FF-1FAFBB8DCD01}"
EndProject
Project("{8BC9CEB8-8B4A-11D0-8D11-00A0C91BC942}") = "20181016", "..\20181016\20181016.vcxproj", "{284E0F86-31A2-4CC8-A384-34DFB2568AF7}"
EndProject
Project("{8BC9CEB8-8B4A-11D0-8D11-00A0C91BC942}") = "HW1-2", "HW1-2\HW1-2.vcxproj", "{0CA1D925-5F14-442D-80AF-F31E49C568F0}"
EndProject
Project("{8BC9CEB8-8B4A-11D0-8D11-00A0C91BC942}") = "HW1-3", "HW1-3\HW1-3.vcxproj", "{A27B7EA2-7B09-4952-AB4E-B82C8BFC2231}"
EndProject
Project("{8BC9CEB8-8B4A-11D0-8D11-00A0C91BC942}") = "HW1-4", "HW1-4\HW1-4.vcxproj", "{DE30DE15-E04C-4A83-B39B-3BDD6C106CB1}"
EndProject
Project("{8BC9CEB8-8B4A-11D0-8D11-00A0C91BC942}") = "HW1-5", "HW1-5\HW1-5.vcxproj", "{29667DDF-843A-409F-9FCF-4E6137316CEC}"
EndProject
Project("{8BC9CEB8-8B4A-11D0-8D11-00A0C91BC942}") = "HW2-1", "HW2-1\HW2-1.vcxproj", "{D15A334D-F698-48AB-B650-007AFEF2351D}"
EndProject
Project("{8BC9CEB8-8B4A-11D0-8D11-00A0C91BC942}") = "HW2-2", "HW2-2\HW2-2.vcxproj", "{5DBAD392-161B-42BC-9015-AF2F7444A870}"
EndProject
Project("{8BC9CEB8-8B4A-11D0-8D11-00A0C91BC942}") = "HW2-3", "HW2-3\HW2-3.vcxproj", "{604C6D19-CE22-4F76-903C-244B83C56890}"
EndProject
Project("{8BC9CEB8-8B4A-11D0-8D11-00A0C91BC942}") = "HW2-4", "HW2-4\HW2-4.vcxproj", "{9B434451-E498-407B-BA3A-614836A67A8B}"
EndProject
Project("{8BC9CEB8-8B4A-11D0-8D11-00A0C91BC942}") = "HW2-5", "HW2-5\HW2-5.vcxproj", "{C1FAC451-DE41-4FD7-9119-D57D823F2A3D}"
EndProject
Project("{8BC9CEB8-8B4A-11D0-8D11-00A0C91BC942}") = "HW2-6", "HW2-6\HW2-6.vcxproj", "{280CBD26-13E3-446A-884F-B1627C06AC38}"
EndProject
Project("{8BC9CEB8-8B4A-11D0-8D11-00A0C91BC942}") = "HW2-7", "HW2-7\HW2-7.vcxproj", "{558F2440-0C09-4619-9CEC-6F594E0C0913}"
EndProject
Project("{8BC9CEB8-8B4A-11D0-8D11-00A0C91BC942}") = "HW2-8", "HW2-8\HW2-8.vcxproj", "{5337DCD1-F8CA-499B-A168-538ABC0A3E47}"
EndProject
Project("{8BC9CEB8-8B4A-11D0-8D11-00A0C91BC942}") = "HW2-9", "HW2-9\HW2-9.vcxproj", "{0BBD5C12-66FF-4931-801B-957C59CA5E10}"
EndProject
Project("{8BC9CEB8-8B4A-11D0-8D11-00A0C91BC942}") = "HW2-10", "HW2-10\HW2-10.vcxproj", "{047FE454-2085-4B29-AFCB-4A7F4C893700}"
EndProject
Project("{8BC9CEB8-8B4A-11D0-8D11-00A0C91BC942}") = "HW2-11", "HW2-11\HW2-11.vcxproj", "{5C005005-E8F3-4AA7-944F-3C29FDABE4F4}"
EndProject
Project("{8BC9CEB8-8B4A-11D0-8D11-00A0C91BC942}") = "HW2-12", "HW2-12\HW2-12.vcxproj", "{108351C6-A084-467B-BD30-ED682EB4BE06}"
EndProject
Project("{8BC9CEB8-8B4A-11D0-8D11-00A0C91BC942}") = "HW2-13", "..\HW2-13\HW2-13.vcxproj", "{27F35A97-3FA4-4FDF-B9EF-E1EA70D80A38}"
EndProject
Project("{8BC9CEB8-8B4A-11D0-8D11-00A0C91BC942}") = "HW2-14", "HW2-14\HW2-14.vcxproj", "{E7F88D68-5D48-4AD1-AD10-29100F828794}"
EndProject
Project("{8BC9CEB8-8B4A-11D0-8D11-00A0C91BC942}") = "HW2-15", "HW2-15\HW2-15.vcxproj", "{5F9A573C-C179-43FF-B6D8-BE4C71C9A984}"
EndProject
Global
	GlobalSection(SolutionConfigurationPlatforms) = preSolution
		Debug|x64 = Debug|x64
		Debug|x86 = Debug|x86
		Release|x64 = Release|x64
		Release|x86 = Release|x86
	EndGlobalSection
	GlobalSection(ProjectConfigurationPlatforms) = postSolution
		{72EF594D-F32D-4CAA-B3FF-1FAFBB8DCD01}.Debug|x64.ActiveCfg = Debug|x64
		{72EF594D-F32D-4CAA-B3FF-1FAFBB8DCD01}.Debug|x64.Build.0 = Debug|x64
		{72EF594D-F32D-4CAA-B3FF-1FAFBB8DCD01}.Debug|x86.ActiveCfg = Debug|Win32
		{72EF594D-F32D-4CAA-B3FF-1FAFBB8DCD01}.Debug|x86.Build.0 = Debug|Win32
		{72EF594D-F32D-4CAA-B3FF-1FAFBB8DCD01}.Release|x64.ActiveCfg = Release|x64
		{72EF594D-F32D-4CAA-B3FF-1FAFBB8DCD01}.Release|x64.Build.0 = Release|x64
		{72EF594D-F32D-4CAA-B3FF-1FAFBB8DCD01}.Release|x86.ActiveCfg = Release|Win32
		{72EF594D-F32D-4CAA-B3FF-1FAFBB8DCD01}.Release|x86.Build.0 = Release|Win32
		{284E0F86-31A2-4CC8-A384-34DFB2568AF7}.Debug|x64.ActiveCfg = Debug|x64
		{284E0F86-31A2-4CC8-A384-34DFB2568AF7}.Debug|x64.Build.0 = Debug|x64
		{284E0F86-31A2-4CC8-A384-34DFB2568AF7}.Debug|x86.ActiveCfg = Debug|Win32
		{284E0F86-31A2-4CC8-A384-34DFB2568AF7}.Debug|x86.Build.0 = Debug|Win32
		{284E0F86-31A2-4CC8-A384-34DFB2568AF7}.Release|x64.ActiveCfg = Release|x64
		{284E0F86-31A2-4CC8-A384-34DFB2568AF7}.Release|x64.Build.0 = Release|x64
		{284E0F86-31A2-4CC8-A384-34DFB2568AF7}.Release|x86.ActiveCfg = Release|Win32
		{284E0F86-31A2-4CC8-A384-34DFB2568AF7}.Release|x86.Build.0 = Release|Win32
		{0CA1D925-5F14-442D-80AF-F31E49C568F0}.Debug|x64.ActiveCfg = Debug|x64
		{0CA1D925-5F14-442D-80AF-F31E49C568F0}.Debug|x64.Build.0 = Debug|x64
		{0CA1D925-5F14-442D-80AF-F31E49C568F0}.Debug|x86.ActiveCfg = Debug|Win32
		{0CA1D925-5F14-442D-80AF-F31E49C568F0}.Debug|x86.Build.0 = Debug|Win32
		{0CA1D925-5F14-442D-80AF-F31E49C568F0}.Release|x64.ActiveCfg = Release|x64
		{0CA1D925-5F14-442D-80AF-F31E49C568F0}.Release|x64.Build.0 = Release|x64
		{0CA1D925-5F14-442D-80AF-F31E49C568F0}.Release|x86.ActiveCfg = Release|Win32
		{0CA1D925-5F14-442D-80AF-F31E49C568F0}.Release|x86.Build.0 = Release|Win32
		{A27B7EA2-7B09-4952-AB4E-B82C8BFC2231}.Debug|x64.ActiveCfg = Debug|x64
		{A27B7EA2-7B09-4952-AB4E-B82C8BFC2231}.Debug|x64.Build.0 = Debug|x64
		{A27B7EA2-7B09-4952-AB4E-B82C8BFC2231}.Debug|x86.ActiveCfg = Debug|Win32
		{A27B7EA2-7B09-4952-AB4E-B82C8BFC2231}.Debug|x86.Build.0 = Debug|Win32
		{A27B7EA2-7B09-4952-AB4E-B82C8BFC2231}.Release|x64.ActiveCfg = Release|x64
		{A27B7EA2-7B09-4952-AB4E-B82C8BFC2231}.Release|x64.Build.0 = Release|x64
		{A27B7EA2-7B09-4952-AB4E-B82C8BFC2231}.Release|x86.ActiveCfg = Release|Win32
		{A27B7EA2-7B09-4952-AB4E-B82C8BFC2231}.Release|x86.Build.0 = Release|Win32
		{DE30DE15-E04C-4A83-B39B-3BDD6C106CB1}.Debug|x64.ActiveCfg = Debug|x64
		{DE30DE15-E04C-4A83-B39B-3BDD6C106CB1}.Debug|x64.Build.0 = Debug|x64
		{DE30DE15-E04C-4A83-B39B-3BDD6C106CB1}.Debug|x86.ActiveCfg = Debug|Win32
		{DE30DE15-E04C-4A83-B39B-3BDD6C106CB1}.Debug|x86.Build.0 = Debug|Win32
		{DE30DE15-E04C-4A83-B39B-3BDD6C106CB1}.Release|x64.ActiveCfg = Release|x64
		{DE30DE15-E04C-4A83-B39B-3BDD6C106CB1}.Release|x64.Build.0 = Release|x64
		{DE30DE15-E04C-4A83-B39B-3BDD6C106CB1}.Release|x86.ActiveCfg = Release|Win32
		{DE30DE15-E04C-4A83-B39B-3BDD6C106CB1}.Release|x86.Build.0 = Release|Win32
		{29667DDF-843A-409F-9FCF-4E6137316CEC}.Debug|x64.ActiveCfg = Debug|x64
		{29667DDF-843A-409F-9FCF-4E6137316CEC}.Debug|x64.Build.0 = Debug|x64
		{29667DDF-843A-409F-9FCF-4E6137316CEC}.Debug|x86.ActiveCfg = Debug|Win32
		{29667DDF-843A-409F-9FCF-4E6137316CEC}.Debug|x86.Build.0 = Debug|Win32
		{29667DDF-843A-409F-9FCF-4E6137316CEC}.Release|x64.ActiveCfg = Release|x64
		{29667DDF-843A-409F-9FCF-4E6137316CEC}.Release|x64.Build.0 = Release|x64
		{29667DDF-843A-409F-9FCF-4E6137316CEC}.Release|x86.ActiveCfg = Release|Win32
		{29667DDF-843A-409F-9FCF-4E6137316CEC}.Release|x86.Build.0 = Release|Win32
		{D15A334D-F698-48AB-B650-007AFEF2351D}.Debug|x64.ActiveCfg = Debug|x64
		{D15A334D-F698-48AB-B650-007AFEF2351D}.Debug|x64.Build.0 = Debug|x64
		{D15A334D-F698-48AB-B650-007AFEF2351D}.Debug|x86.ActiveCfg = Debug|Win32
		{D15A334D-F698-48AB-B650-007AFEF2351D}.Debug|x86.Build.0 = Debug|Win32
		{D15A334D-F698-48AB-B650-007AFEF2351D}.Release|x64.ActiveCfg = Release|x64
		{D15A334D-F698-48AB-B650-007AFEF2351D}.Release|x64.Build.0 = Release|x64
		{D15A334D-F698-48AB-B650-007AFEF2351D}.Release|x86.ActiveCfg = Release|Win32
		{D15A334D-F698-48AB-B650-007AFEF2351D}.Release|x86.Build.0 = Release|Win32
		{5DBAD392-161B-42BC-9015-AF2F7444A870}.Debug|x64.ActiveCfg = Debug|x64
		{5DBAD392-161B-42BC-9015-AF2F7444A870}.Debug|x64.Build.0 = Debug|x64
		{5DBAD392-161B-42BC-9015-AF2F7444A870}.Debug|x86.ActiveCfg = Debug|Win32
		{5DBAD392-161B-42BC-9015-AF2F7444A870}.Debug|x86.Build.0 = Debug|Win32
		{5DBAD392-161B-42BC-9015-AF2F7444A870}.Release|x64.ActiveCfg = Release|x64
		{5DBAD392-161B-42BC-9015-AF2F7444A870}.Release|x64.Build.0 = Release|x64
		{5DBAD392-161B-42BC-9015-AF2F7444A870}.Release|x86.ActiveCfg = Release|Win32
		{5DBAD392-161B-42BC-9015-AF2F7444A870}.Release|x86.Build.0 = Release|Win32
		{604C6D19-CE22-4F76-903C-244B83C56890}.Debug|x64.ActiveCfg = Debug|x64
		{604C6D19-CE22-4F76-903C-244B83C56890}.Debug|x64.Build.0 = Debug|x64
		{604C6D19-CE22-4F76-903C-244B83C56890}.Debug|x86.ActiveCfg = Debug|Win32
		{604C6D19-CE22-4F76-903C-244B83C56890}.Debug|x86.Build.0 = Debug|Win32
		{604C6D19-CE22-4F76-903C-244B83C56890}.Release|x64.ActiveCfg = Release|x64
		{604C6D19-CE22-4F76-903C-244B83C56890}.Release|x64.Build.0 = Release|x64
		{604C6D19-CE22-4F76-903C-244B83C56890}.Release|x86.ActiveCfg = Release|Win32
		{604C6D19-CE22-4F76-903C-244B83C56890}.Release|x86.Build.0 = Release|Win32
		{9B434451-E498-407B-BA3A-614836A67A8B}.Debug|x64.ActiveCfg = Debug|x64
		{9B434451-E498-407B-BA3A-614836A67A8B}.Debug|x64.Build.0 = Debug|x64
		{9B434451-E498-407B-BA3A-614836A67A8B}.Debug|x86.ActiveCfg = Debug|Win32
		{9B434451-E498-407B-BA3A-614836A67A8B}.Debug|x86.Build.0 = Debug|Win32
		{9B434451-E498-407B-BA3A-614836A67A8B}.Release|x64.ActiveCfg = Release|x64
		{9B434451-E498-407B-BA3A-614836A67A8B}.Release|x64.Build.0 = Release|x64
		{9B434451-E498-407B-BA3A-614836A67A8B}.Release|x86.ActiveCfg = Release|Win32
		{9B434451-E498-407B-BA3A-614836A67A8B}.Release|x86.Build.0 = Release|Win32
		{C1FAC451-DE41-4FD7-9119-D57D823F2A3D}.Debug|x64.ActiveCfg = Debug|x64
		{C1FAC451-DE41-4FD7-9119-D57D823F2A3D}.Debug|x64.Build.0 = Debug|x64
		{C1FAC451-DE41-4FD7-9119-D57D823F2A3D}.Debug|x86.ActiveCfg = Debug|Win32
		{C1FAC451-DE41-4FD7-9119-D57D823F2A3D}.Debug|x86.Build.0 = Debug|Win32
		{C1FAC451-DE41-4FD7-9119-D57D823F2A3D}.Release|x64.ActiveCfg = Release|x64
		{C1FAC451-DE41-4FD7-9119-D57D823F2A3D}.Release|x64.Build.0 = Release|x64
		{C1FAC451-DE41-4FD7-9119-D57D823F2A3D}.Release|x86.ActiveCfg = Release|Win32
		{C1FAC451-DE41-4FD7-9119-D57D823F2A3D}.Release|x86.Build.0 = Release|Win32
		{280CBD26-13E3-446A-884F-B1627C06AC38}.Debug|x64.ActiveCfg = Debug|x64
		{280CBD26-13E3-446A-884F-B1627C06AC38}.Debug|x64.Build.0 = Debug|x64
		{280CBD26-13E3-446A-884F-B1627C06AC38}.Debug|x86.ActiveCfg = Debug|Win32
		{280CBD26-13E3-446A-884F-B1627C06AC38}.Debug|x86.Build.0 = Debug|Win32
		{280CBD26-13E3-446A-884F-B1627C06AC38}.Release|x64.ActiveCfg = Release|x64
		{280CBD26-13E3-446A-884F-B1627C06AC38}.Release|x64.Build.0 = Release|x64
		{280CBD26-13E3-446A-884F-B1627C06AC38}.Release|x86.ActiveCfg = Release|Win32
		{280CBD26-13E3-446A-884F-B1627C06AC38}.Release|x86.Build.0 = Release|Win32
		{558F2440-0C09-4619-9CEC-6F594E0C0913}.Debug|x64.ActiveCfg = Debug|x64
		{558F2440-0C09-4619-9CEC-6F594E0C0913}.Debug|x64.Build.0 = Debug|x64
		{558F2440-0C09-4619-9CEC-6F594E0C0913}.Debug|x86.ActiveCfg = Debug|Win32
		{558F2440-0C09-4619-9CEC-6F594E0C0913}.Debug|x86.Build.0 = Debug|Win32
		{558F2440-0C09-4619-9CEC-6F594E0C0913}.Release|x64.ActiveCfg = Release|x64
		{558F2440-0C09-4619-9CEC-6F594E0C0913}.Release|x64.Build.0 = Release|x64
		{558F2440-0C09-4619-9CEC-6F594E0C0913}.Release|x86.ActiveCfg = Release|Win32
		{558F2440-0C09-4619-9CEC-6F594E0C0913}.Release|x86.Build.0 = Release|Win32
		{5337DCD1-F8CA-499B-A168-538ABC0A3E47}.Debug|x64.ActiveCfg = Debug|x64
		{5337DCD1-F8CA-499B-A168-538ABC0A3E47}.Debug|x64.Build.0 = Debug|x64
		{5337DCD1-F8CA-499B-A168-538ABC0A3E47}.Debug|x86.ActiveCfg = Debug|Win32
		{5337DCD1-F8CA-499B-A168-538ABC0A3E47}.Debug|x86.Build.0 = Debug|Win32
		{5337DCD1-F8CA-499B-A168-538ABC0A3E47}.Release|x64.ActiveCfg = Release|x64
		{5337DCD1-F8CA-499B-A168-538ABC0A3E47}.Release|x64.Build.0 = Release|x64
		{5337DCD1-F8CA-499B-A168-538ABC0A3E47}.Release|x86.ActiveCfg = Release|Win32
		{5337DCD1-F8CA-499B-A168-538ABC0A3E47}.Release|x86.Build.0 = Release|Win32
		{0BBD5C12-66FF-4931-801B-957C59CA5E10}.Debug|x64.ActiveCfg = Debug|x64
		{0BBD5C12-66FF-4931-801B-957C59CA5E10}.Debug|x64.Build.0 = Debug|x64
		{0BBD5C12-66FF-4931-801B-957C59CA5E10}.Debug|x86.ActiveCfg = Debug|Win32
		{0BBD5C12-66FF-4931-801B-957C59CA5E10}.Debug|x86.Build.0 = Debug|Win32
		{0BBD5C12-66FF-4931-801B-957C59CA5E10}.Release|x64.ActiveCfg = Release|x64
		{0BBD5C12-66FF-4931-801B-957C59CA5E10}.Release|x64.Build.0 = Release|x64
		{0BBD5C12-66FF-4931-801B-957C59CA5E10}.Release|x86.ActiveCfg = Release|Win32
		{0BBD5C12-66FF-4931-801B-957C59CA5E10}.Release|x86.Build.0 = Release|Win32
		{047FE454-2085-4B29-AFCB-4A7F4C893700}.Debug|x64.ActiveCfg = Debug|x64
		{047FE454-2085-4B29-AFCB-4A7F4C893700}.Debug|x64.Build.0 = Debug|x64
		{047FE454-2085-4B29-AFCB-4A7F4C893700}.Debug|x86.ActiveCfg = Debug|Win32
		{047FE454-2085-4B29-AFCB-4A7F4C893700}.Debug|x86.Build.0 = Debug|Win32
		{047FE454-2085-4B29-AFCB-4A7F4C893700}.Release|x64.ActiveCfg = Release|x64
		{047FE454-2085-4B29-AFCB-4A7F4C893700}.Release|x64.Build.0 = Release|x64
		{047FE454-2085-4B29-AFCB-4A7F4C893700}.Release|x86.ActiveCfg = Release|Win32
		{047FE454-2085-4B29-AFCB-4A7F4C893700}.Release|x86.Build.0 = Release|Win32
		{5C005005-E8F3-4AA7-944F-3C29FDABE4F4}.Debug|x64.ActiveCfg = Debug|x64
		{5C005005-E8F3-4AA7-944F-3C29FDABE4F4}.Debug|x64.Build.0 = Debug|x64
		{5C005005-E8F3-4AA7-944F-3C29FDABE4F4}.Debug|x86.ActiveCfg = Debug|Win32
		{5C005005-E8F3-4AA7-944F-3C29FDABE4F4}.Debug|x86.Build.0 = Debug|Win32
		{5C005005-E8F3-4AA7-944F-3C29FDABE4F4}.Release|x64.ActiveCfg = Release|x64
		{5C005005-E8F3-4AA7-944F-3C29FDABE4F4}.Release|x64.Build.0 = Release|x64
		{5C005005-E8F3-4AA7-944F-3C29FDABE4F4}.Release|x86.ActiveCfg = Release|Win32
		{5C005005-E8F3-4AA7-944F-3C29FDABE4F4}.Release|x86.Build.0 = Release|Win32
		{108351C6-A084-467B-BD30-ED682EB4BE06}.Debug|x64.ActiveCfg = Debug|x64
		{108351C6-A084-467B-BD30-ED682EB4BE06}.Debug|x64.Build.0 = Debug|x64
		{108351C6-A084-467B-BD30-ED682EB4BE06}.Debug|x86.ActiveCfg = Debug|Win32
		{108351C6-A084-467B-BD30-ED682EB4BE06}.Debug|x86.Build.0 = Debug|Win32
		{108351C6-A084-467B-BD30-ED682EB4BE06}.Release|x64.ActiveCfg = Release|x64
		{108351C6-A084-467B-BD30-ED682EB4BE06}.Release|x64.Build.0 = Release|x64
		{108351C6-A084-467B-BD30-ED682EB4BE06}.Release|x86.ActiveCfg = Release|Win32
		{108351C6-A084-467B-BD30-ED682EB4BE06}.Release|x86.Build.0 = Release|Win32
		{27F35A97-3FA4-4FDF-B9EF-E1EA70D80A38}.Debug|x64.ActiveCfg = Debug|x64
		{27F35A97-3FA4-4FDF-B9EF-E1EA70D80A38}.Debug|x64.Build.0 = Debug|x64
		{27F35A97-3FA4-4FDF-B9EF-E1EA70D80A38}.Debug|x86.ActiveCfg = Debug|Win32
		{27F35A97-3FA4-4FDF-B9EF-E1EA70D80A38}.Debug|x86.Build.0 = Debug|Win32
		{27F35A97-3FA4-4FDF-B9EF-E1EA70D80A38}.Release|x64.ActiveCfg = Release|x64
		{27F35A97-3FA4-4FDF-B9EF-E1EA70D80A38}.Release|x64.Build.0 = Release|x64
		{27F35A97-3FA4-4FDF-B9EF-E1EA70D80A38}.Release|x86.ActiveCfg = Release|Win32
		{27F35A97-3FA4-4FDF-B9EF-E1EA70D80A38}.Release|x86.Build.0 = Release|Win32
		{E7F88D68-5D48-4AD1-AD10-29100F828794}.Debug|x64.ActiveCfg = Debug|x64
		{E7F88D68-5D48-4AD1-AD10-29100F828794}.Debug|x64.Build.0 = Debug|x64
		{E7F88D68-5D48-4AD1-AD10-29100F828794}.Debug|x86.ActiveCfg = Debug|Win32
		{E7F88D68-5D48-4AD1-AD10-29100F828794}.Debug|x86.Build.0 = Debug|Win32
		{E7F88D68-5D48-4AD1-AD10-29100F828794}.Release|x64.ActiveCfg = Release|x64
		{E7F88D68-5D48-4AD1-AD10-29100F828794}.Release|x64.Build.0 = Release|x64
		{E7F88D68-5D48-4AD1-AD10-29100F828794}.Release|x86.ActiveCfg = Release|Win32
		{E7F88D68-5D48-4AD1-AD10-29100F828794}.Release|x86.Build.0 = Release|Win32
		{5F9A573C-C179-43FF-B6D8-BE4C71C9A984}.Debug|x64.ActiveCfg = Debug|x64
		{5F9A573C-C179-43FF-B6D8-BE4C71C9A984}.Debug|x64.Build.0 = Debug|x64
		{5F9A573C-C179-43FF-B6D8-BE4C71C9A984}.Debug|x86.ActiveCfg = Debug|Win32
		{5F9A573C-C179-43FF-B6D8-BE4C71C9A984}.Debug|x86.Build.0 = Debug|Win32
		{5F9A573C-C179-43FF-B6D8-BE4C71C9A984}.Release|x64.ActiveCfg = Release|x64
		{5F9A573C-C179-43FF-B6D8-BE4C71C9A984}.Release|x64.Build.0 = Release|x64
		{5F9A573C-C179-43FF-B6D8-BE4C71C9A984}.Release|x86.ActiveCfg = Release|Win32
		{5F9A573C-C179-43FF-B6D8-BE4C71C9A984}.Release|x86.Build.0 = Release|Win32
	EndGlobalSection
	GlobalSection(SolutionProperties) = preSolution
		HideSolutionNode = FALSE
	EndGlobalSection
	GlobalSection(ExtensibilityGlobals) = postSolution
		SolutionGuid = {F73233F9-E246-4755-B18C-90A3FC1BE3A6}
	EndGlobalSection
EndGlobal
